// !$*UTF8*$!
{
	archiveVersion = 1;
	classes = {
	};
	objectVersion = 50;
	objects = {

/* Begin PBXBuildFile section */
		045F531724C97347005F29ED /* NSArray+LXY.m in Sources */ = {isa = PBXBuildFile; fileRef = 045F531324C97347005F29ED /* NSArray+LXY.m */; };
		045F531824C97347005F29ED /* NSDictionary+LXY.m in Sources */ = {isa = PBXBuildFile; fileRef = 045F531524C97347005F29ED /* NSDictionary+LXY.m */; };
		6CAA7D78A8C3CE857E1495EB /* libPods-CustomNetWorking.a in Frameworks */ = {isa = PBXBuildFile; fileRef = B6803837A2EA3A64FCA0B8CB /* libPods-CustomNetWorking.a */; };
		F156D4B524A70602009AF8B6 /* NetURLManager.m in Sources */ = {isa = PBXBuildFile; fileRef = F156D4B424A70602009AF8B6 /* NetURLManager.m */; };
		F156D4BB24A7067A009AF8B6 /* CustomNetWorkResponseObject+RespDecode.m in Sources */ = {isa = PBXBuildFile; fileRef = F156D4BA24A7067A009AF8B6 /* CustomNetWorkResponseObject+RespDecode.m */; };
		F156D4BE24A706A2009AF8B6 /* CustomNetWorkRequestLog+LogDecode.m in Sources */ = {isa = PBXBuildFile; fileRef = F156D4BD24A706A2009AF8B6 /* CustomNetWorkRequestLog+LogDecode.m */; };
		F156D4C524A709B5009AF8B6 /* NSObject+SwizzleMethod.m in Sources */ = {isa = PBXBuildFile; fileRef = F156D4C424A709B5009AF8B6 /* NSObject+SwizzleMethod.m */; };
		F156D4C824A70C67009AF8B6 /* NSError+CustomNetWorkExt.m in Sources */ = {isa = PBXBuildFile; fileRef = F156D4C724A70C67009AF8B6 /* NSError+CustomNetWorkExt.m */; };
		F156D4CB24A70DCA009AF8B6 /* CustomNetWorkConfig.m in Sources */ = {isa = PBXBuildFile; fileRef = F156D4CA24A70DCA009AF8B6 /* CustomNetWorkConfig.m */; };
		F156D4CE24A70E39009AF8B6 /* NetRequestConfig.m in Sources */ = {isa = PBXBuildFile; fileRef = F156D4CD24A70E39009AF8B6 /* NetRequestConfig.m */; };
		F19DBF1924A5A1E800DC83E7 /* AppDelegate.m in Sources */ = {isa = PBXBuildFile; fileRef = F19DBF1824A5A1E800DC83E7 /* AppDelegate.m */; };
		F19DBF1F24A5A1E800DC83E7 /* ViewController.m in Sources */ = {isa = PBXBuildFile; fileRef = F19DBF1E24A5A1E800DC83E7 /* ViewController.m */; };
		F19DBF2224A5A1E800DC83E7 /* Main.storyboard in Resources */ = {isa = PBXBuildFile; fileRef = F19DBF2024A5A1E800DC83E7 /* Main.storyboard */; };
		F19DBF2424A5A1E900DC83E7 /* Assets.xcassets in Resources */ = {isa = PBXBuildFile; fileRef = F19DBF2324A5A1E900DC83E7 /* Assets.xcassets */; };
		F19DBF2724A5A1E900DC83E7 /* LaunchScreen.storyboard in Resources */ = {isa = PBXBuildFile; fileRef = F19DBF2524A5A1E900DC83E7 /* LaunchScreen.storyboard */; };
		F19DBF2A24A5A1E900DC83E7 /* main.m in Sources */ = {isa = PBXBuildFile; fileRef = F19DBF2924A5A1E900DC83E7 /* main.m */; };
		F19DBF3324A5A5C700DC83E7 /* CustomNetWorkCache.m in Sources */ = {isa = PBXBuildFile; fileRef = F19DBF3224A5A5C700DC83E7 /* CustomNetWorkCache.m */; };
		F19DBF3624A5A67B00DC83E7 /* CustomNetWorkResponseObject.m in Sources */ = {isa = PBXBuildFile; fileRef = F19DBF3524A5A67B00DC83E7 /* CustomNetWorkResponseObject.m */; };
		F19DBF3924A5A6BF00DC83E7 /* CustomNetWorkRequestLog.m in Sources */ = {isa = PBXBuildFile; fileRef = F19DBF3824A5A6BF00DC83E7 /* CustomNetWorkRequestLog.m */; };
		F19DBF3F24A5A73B00DC83E7 /* CustomNetWorkManager.m in Sources */ = {isa = PBXBuildFile; fileRef = F19DBF3E24A5A73B00DC83E7 /* CustomNetWorkManager.m */; };
		F19DBF4224A5A75300DC83E7 /* CustomNetWork.m in Sources */ = {isa = PBXBuildFile; fileRef = F19DBF4124A5A75300DC83E7 /* CustomNetWork.m */; };
/* End PBXBuildFile section */

/* Begin PBXFileReference section */
		045903FE24B821E8000FF58C /* PrefixHeader.pch */ = {isa = PBXFileReference; lastKnownFileType = sourcecode.c.h; path = PrefixHeader.pch; sourceTree = "<group>"; };
		045F531324C97347005F29ED /* NSArray+LXY.m */ = {isa = PBXFileReference; fileEncoding = 4; lastKnownFileType = sourcecode.c.objc; path = "NSArray+LXY.m"; sourceTree = "<group>"; };
		045F531424C97347005F29ED /* NSArray+LXY.h */ = {isa = PBXFileReference; fileEncoding = 4; lastKnownFileType = sourcecode.c.h; path = "NSArray+LXY.h"; sourceTree = "<group>"; };
		045F531524C97347005F29ED /* NSDictionary+LXY.m */ = {isa = PBXFileReference; fileEncoding = 4; lastKnownFileType = sourcecode.c.objc; path = "NSDictionary+LXY.m"; sourceTree = "<group>"; };
		045F531624C97347005F29ED /* NSDictionary+LXY.h */ = {isa = PBXFileReference; fileEncoding = 4; lastKnownFileType = sourcecode.c.h; path = "NSDictionary+LXY.h"; sourceTree = "<group>"; };
		B6803837A2EA3A64FCA0B8CB /* libPods-CustomNetWorking.a */ = {isa = PBXFileReference; explicitFileType = archive.ar; includeInIndex = 0; path = "libPods-CustomNetWorking.a"; sourceTree = BUILT_PRODUCTS_DIR; };
		BCDBDF485D03CD45A3F610F0 /* Pods-CustomNetWorking.release.xcconfig */ = {isa = PBXFileReference; includeInIndex = 1; lastKnownFileType = text.xcconfig; name = "Pods-CustomNetWorking.release.xcconfig"; path = "Target Support Files/Pods-CustomNetWorking/Pods-CustomNetWorking.release.xcconfig"; sourceTree = "<group>"; };
		E2BDC704221217BB774E53B2 /* Pods-CustomNetWorking.debug.xcconfig */ = {isa = PBXFileReference; includeInIndex = 1; lastKnownFileType = text.xcconfig; name = "Pods-CustomNetWorking.debug.xcconfig"; path = "Target Support Files/Pods-CustomNetWorking/Pods-CustomNetWorking.debug.xcconfig"; sourceTree = "<group>"; };
		F156D4B324A70602009AF8B6 /* NetURLManager.h */ = {isa = PBXFileReference; lastKnownFileType = sourcecode.c.h; path = NetURLManager.h; sourceTree = "<group>"; };
		F156D4B424A70602009AF8B6 /* NetURLManager.m */ = {isa = PBXFileReference; lastKnownFileType = sourcecode.c.objc; path = NetURLManager.m; sourceTree = "<group>"; };
		F156D4B924A7067A009AF8B6 /* CustomNetWorkResponseObject+RespDecode.h */ = {isa = PBXFileReference; lastKnownFileType = sourcecode.c.h; path = "CustomNetWorkResponseObject+RespDecode.h"; sourceTree = "<group>"; };
		F156D4BA24A7067A009AF8B6 /* CustomNetWorkResponseObject+RespDecode.m */ = {isa = PBXFileReference; lastKnownFileType = sourcecode.c.objc; path = "CustomNetWorkResponseObject+RespDecode.m"; sourceTree = "<group>"; };
		F156D4BC24A706A2009AF8B6 /* CustomNetWorkRequestLog+LogDecode.h */ = {isa = PBXFileReference; lastKnownFileType = sourcecode.c.h; path = "CustomNetWorkRequestLog+LogDecode.h"; sourceTree = "<group>"; };
		F156D4BD24A706A2009AF8B6 /* CustomNetWorkRequestLog+LogDecode.m */ = {isa = PBXFileReference; lastKnownFileType = sourcecode.c.objc; path = "CustomNetWorkRequestLog+LogDecode.m"; sourceTree = "<group>"; };
		F156D4C324A709B5009AF8B6 /* NSObject+SwizzleMethod.h */ = {isa = PBXFileReference; fileEncoding = 4; lastKnownFileType = sourcecode.c.h; path = "NSObject+SwizzleMethod.h"; sourceTree = "<group>"; };
		F156D4C424A709B5009AF8B6 /* NSObject+SwizzleMethod.m */ = {isa = PBXFileReference; fileEncoding = 4; lastKnownFileType = sourcecode.c.objc; path = "NSObject+SwizzleMethod.m"; sourceTree = "<group>"; };
		F156D4C624A70C67009AF8B6 /* NSError+CustomNetWorkExt.h */ = {isa = PBXFileReference; lastKnownFileType = sourcecode.c.h; path = "NSError+CustomNetWorkExt.h"; sourceTree = "<group>"; };
		F156D4C724A70C67009AF8B6 /* NSError+CustomNetWorkExt.m */ = {isa = PBXFileReference; lastKnownFileType = sourcecode.c.objc; path = "NSError+CustomNetWorkExt.m"; sourceTree = "<group>"; };
		F156D4C924A70DCA009AF8B6 /* CustomNetWorkConfig.h */ = {isa = PBXFileReference; lastKnownFileType = sourcecode.c.h; path = CustomNetWorkConfig.h; sourceTree = "<group>"; };
		F156D4CA24A70DCA009AF8B6 /* CustomNetWorkConfig.m */ = {isa = PBXFileReference; lastKnownFileType = sourcecode.c.objc; path = CustomNetWorkConfig.m; sourceTree = "<group>"; };
		F156D4CC24A70E39009AF8B6 /* NetRequestConfig.h */ = {isa = PBXFileReference; lastKnownFileType = sourcecode.c.h; path = NetRequestConfig.h; sourceTree = "<group>"; };
		F156D4CD24A70E39009AF8B6 /* NetRequestConfig.m */ = {isa = PBXFileReference; lastKnownFileType = sourcecode.c.objc; path = NetRequestConfig.m; sourceTree = "<group>"; };
		F19DBF1424A5A1E800DC83E7 /* CustomNetWorking.app */ = {isa = PBXFileReference; explicitFileType = wrapper.application; includeInIndex = 0; path = CustomNetWorking.app; sourceTree = BUILT_PRODUCTS_DIR; };
		F19DBF1724A5A1E800DC83E7 /* AppDelegate.h */ = {isa = PBXFileReference; lastKnownFileType = sourcecode.c.h; path = AppDelegate.h; sourceTree = "<group>"; };
		F19DBF1824A5A1E800DC83E7 /* AppDelegate.m */ = {isa = PBXFileReference; lastKnownFileType = sourcecode.c.objc; path = AppDelegate.m; sourceTree = "<group>"; };
		F19DBF1D24A5A1E800DC83E7 /* ViewController.h */ = {isa = PBXFileReference; lastKnownFileType = sourcecode.c.h; path = ViewController.h; sourceTree = "<group>"; };
		F19DBF1E24A5A1E800DC83E7 /* ViewController.m */ = {isa = PBXFileReference; lastKnownFileType = sourcecode.c.objc; path = ViewController.m; sourceTree = "<group>"; };
		F19DBF2124A5A1E800DC83E7 /* Base */ = {isa = PBXFileReference; lastKnownFileType = file.storyboard; name = Base; path = Base.lproj/Main.storyboard; sourceTree = "<group>"; };
		F19DBF2324A5A1E900DC83E7 /* Assets.xcassets */ = {isa = PBXFileReference; lastKnownFileType = folder.assetcatalog; path = Assets.xcassets; sourceTree = "<group>"; };
		F19DBF2624A5A1E900DC83E7 /* Base */ = {isa = PBXFileReference; lastKnownFileType = file.storyboard; name = Base; path = Base.lproj/LaunchScreen.storyboard; sourceTree = "<group>"; };
		F19DBF2824A5A1E900DC83E7 /* Info.plist */ = {isa = PBXFileReference; lastKnownFileType = text.plist.xml; path = Info.plist; sourceTree = "<group>"; };
		F19DBF2924A5A1E900DC83E7 /* main.m */ = {isa = PBXFileReference; lastKnownFileType = sourcecode.c.objc; path = main.m; sourceTree = "<group>"; };
		F19DBF3124A5A5C700DC83E7 /* CustomNetWorkCache.h */ = {isa = PBXFileReference; lastKnownFileType = sourcecode.c.h; path = CustomNetWorkCache.h; sourceTree = "<group>"; };
		F19DBF3224A5A5C700DC83E7 /* CustomNetWorkCache.m */ = {isa = PBXFileReference; lastKnownFileType = sourcecode.c.objc; path = CustomNetWorkCache.m; sourceTree = "<group>"; };
		F19DBF3424A5A67B00DC83E7 /* CustomNetWorkResponseObject.h */ = {isa = PBXFileReference; lastKnownFileType = sourcecode.c.h; path = CustomNetWorkResponseObject.h; sourceTree = "<group>"; };
		F19DBF3524A5A67B00DC83E7 /* CustomNetWorkResponseObject.m */ = {isa = PBXFileReference; lastKnownFileType = sourcecode.c.objc; path = CustomNetWorkResponseObject.m; sourceTree = "<group>"; };
		F19DBF3724A5A6BF00DC83E7 /* CustomNetWorkRequestLog.h */ = {isa = PBXFileReference; lastKnownFileType = sourcecode.c.h; path = CustomNetWorkRequestLog.h; sourceTree = "<group>"; };
		F19DBF3824A5A6BF00DC83E7 /* CustomNetWorkRequestLog.m */ = {isa = PBXFileReference; lastKnownFileType = sourcecode.c.objc; path = CustomNetWorkRequestLog.m; sourceTree = "<group>"; };
		F19DBF3D24A5A73B00DC83E7 /* CustomNetWorkManager.h */ = {isa = PBXFileReference; lastKnownFileType = sourcecode.c.h; path = CustomNetWorkManager.h; sourceTree = "<group>"; };
		F19DBF3E24A5A73B00DC83E7 /* CustomNetWorkManager.m */ = {isa = PBXFileReference; lastKnownFileType = sourcecode.c.objc; path = CustomNetWorkManager.m; sourceTree = "<group>"; };
		F19DBF4024A5A75300DC83E7 /* CustomNetWork.h */ = {isa = PBXFileReference; lastKnownFileType = sourcecode.c.h; path = CustomNetWork.h; sourceTree = "<group>"; };
		F19DBF4124A5A75300DC83E7 /* CustomNetWork.m */ = {isa = PBXFileReference; lastKnownFileType = sourcecode.c.objc; path = CustomNetWork.m; sourceTree = "<group>"; };
/* End PBXFileReference section */

/* Begin PBXFrameworksBuildPhase section */
		F19DBF1124A5A1E800DC83E7 /* Frameworks */ = {
			isa = PBXFrameworksBuildPhase;
			buildActionMask = 2147483647;
			files = (
				6CAA7D78A8C3CE857E1495EB /* libPods-CustomNetWorking.a in Frameworks */,
			);
			runOnlyForDeploymentPostprocessing = 0;
		};
/* End PBXFrameworksBuildPhase section */

/* Begin PBXGroup section */
		34C2AD2DDA1E3B6AE9ECB7E5 /* Frameworks */ = {
			isa = PBXGroup;
			children = (
				B6803837A2EA3A64FCA0B8CB /* libPods-CustomNetWorking.a */,
			);
			name = Frameworks;
			sourceTree = "<group>";
		};
		86A3022214FF99E8B4C41D1B /* Pods */ = {
			isa = PBXGroup;
			children = (
				E2BDC704221217BB774E53B2 /* Pods-CustomNetWorking.debug.xcconfig */,
				BCDBDF485D03CD45A3F610F0 /* Pods-CustomNetWorking.release.xcconfig */,
			);
			path = Pods;
			sourceTree = "<group>";
		};
		F156D4B224A705A5009AF8B6 /* NetRequest */ = {
			isa = PBXGroup;
			children = (
				F156D4B324A70602009AF8B6 /* NetURLManager.h */,
				F156D4B424A70602009AF8B6 /* NetURLManager.m */,
				F156D4CC24A70E39009AF8B6 /* NetRequestConfig.h */,
				F156D4CD24A70E39009AF8B6 /* NetRequestConfig.m */,
				F156D4B924A7067A009AF8B6 /* CustomNetWorkResponseObject+RespDecode.h */,
				F156D4BA24A7067A009AF8B6 /* CustomNetWorkResponseObject+RespDecode.m */,
				F156D4BC24A706A2009AF8B6 /* CustomNetWorkRequestLog+LogDecode.h */,
				F156D4BD24A706A2009AF8B6 /* CustomNetWorkRequestLog+LogDecode.m */,
			);
			path = NetRequest;
			sourceTree = "<group>";
		};
		F156D4C224A709A2009AF8B6 /* Tools */ = {
			isa = PBXGroup;
			children = (
				F156D4C324A709B5009AF8B6 /* NSObject+SwizzleMethod.h */,
				F156D4C424A709B5009AF8B6 /* NSObject+SwizzleMethod.m */,
				045F531424C97347005F29ED /* NSArray+LXY.h */,
				045F531324C97347005F29ED /* NSArray+LXY.m */,
				045F531624C97347005F29ED /* NSDictionary+LXY.h */,
				045F531524C97347005F29ED /* NSDictionary+LXY.m */,
			);
			path = Tools;
			sourceTree = "<group>";
		};
		F19DBF0B24A5A1E800DC83E7 = {
			isa = PBXGroup;
			children = (
				F19DBF1624A5A1E800DC83E7 /* CustomNetWorking */,
				F19DBF1524A5A1E800DC83E7 /* Products */,
				86A3022214FF99E8B4C41D1B /* Pods */,
				34C2AD2DDA1E3B6AE9ECB7E5 /* Frameworks */,
			);
			sourceTree = "<group>";
		};
		F19DBF1524A5A1E800DC83E7 /* Products */ = {
			isa = PBXGroup;
			children = (
				F19DBF1424A5A1E800DC83E7 /* CustomNetWorking.app */,
			);
			name = Products;
			sourceTree = "<group>";
		};
		F19DBF1624A5A1E800DC83E7 /* CustomNetWorking */ = {
			isa = PBXGroup;
			children = (
				F19DBF3024A5A56D00DC83E7 /* CustomNetWork */,
				F156D4B224A705A5009AF8B6 /* NetRequest */,
				F156D4C224A709A2009AF8B6 /* Tools */,
				F19DBF1724A5A1E800DC83E7 /* AppDelegate.h */,
				F19DBF1824A5A1E800DC83E7 /* AppDelegate.m */,
				F19DBF1D24A5A1E800DC83E7 /* ViewController.h */,
				F19DBF1E24A5A1E800DC83E7 /* ViewController.m */,
				045903FE24B821E8000FF58C /* PrefixHeader.pch */,
				F19DBF2024A5A1E800DC83E7 /* Main.storyboard */,
				F19DBF2324A5A1E900DC83E7 /* Assets.xcassets */,
				F19DBF2524A5A1E900DC83E7 /* LaunchScreen.storyboard */,
				F19DBF2824A5A1E900DC83E7 /* Info.plist */,
				F19DBF2924A5A1E900DC83E7 /* main.m */,
			);
			path = CustomNetWorking;
			sourceTree = "<group>";
		};
		F19DBF3024A5A56D00DC83E7 /* CustomNetWork */ = {
			isa = PBXGroup;
			children = (
				F19DBF3124A5A5C700DC83E7 /* CustomNetWorkCache.h */,
				F19DBF3224A5A5C700DC83E7 /* CustomNetWorkCache.m */,
				F156D4C624A70C67009AF8B6 /* NSError+CustomNetWorkExt.h */,
				F156D4C724A70C67009AF8B6 /* NSError+CustomNetWorkExt.m */,
				F19DBF3724A5A6BF00DC83E7 /* CustomNetWorkRequestLog.h */,
				F19DBF3824A5A6BF00DC83E7 /* CustomNetWorkRequestLog.m */,
				F19DBF3424A5A67B00DC83E7 /* CustomNetWorkResponseObject.h */,
				F19DBF3524A5A67B00DC83E7 /* CustomNetWorkResponseObject.m */,
				F156D4C924A70DCA009AF8B6 /* CustomNetWorkConfig.h */,
				F156D4CA24A70DCA009AF8B6 /* CustomNetWorkConfig.m */,
				F19DBF3D24A5A73B00DC83E7 /* CustomNetWorkManager.h */,
				F19DBF3E24A5A73B00DC83E7 /* CustomNetWorkManager.m */,
				F19DBF4024A5A75300DC83E7 /* CustomNetWork.h */,
				F19DBF4124A5A75300DC83E7 /* CustomNetWork.m */,
			);
			path = CustomNetWork;
			sourceTree = "<group>";
		};
/* End PBXGroup section */

/* Begin PBXNativeTarget section */
		F19DBF1324A5A1E800DC83E7 /* CustomNetWorking */ = {
			isa = PBXNativeTarget;
			buildConfigurationList = F19DBF2D24A5A1E900DC83E7 /* Build configuration list for PBXNativeTarget "CustomNetWorking" */;
			buildPhases = (
				08FE93FE7E1C98BADEE153D8 /* [CP] Check Pods Manifest.lock */,
				F19DBF1024A5A1E800DC83E7 /* Sources */,
				F19DBF1124A5A1E800DC83E7 /* Frameworks */,
				F19DBF1224A5A1E800DC83E7 /* Resources */,
			);
			buildRules = (
			);
			dependencies = (
			);
			name = CustomNetWorking;
			productName = CustomNetWorking;
			productReference = F19DBF1424A5A1E800DC83E7 /* CustomNetWorking.app */;
			productType = "com.apple.product-type.application";
		};
/* End PBXNativeTarget section */

/* Begin PBXProject section */
		F19DBF0C24A5A1E800DC83E7 /* Project object */ = {
			isa = PBXProject;
			attributes = {
				LastUpgradeCheck = 1150;
				ORGANIZATIONNAME = XueYangLee;
				TargetAttributes = {
					F19DBF1324A5A1E800DC83E7 = {
						CreatedOnToolsVersion = 11.5;
					};
				};
			};
			buildConfigurationList = F19DBF0F24A5A1E800DC83E7 /* Build configuration list for PBXProject "CustomNetWorking" */;
			compatibilityVersion = "Xcode 9.3";
			developmentRegion = en;
			hasScannedForEncodings = 0;
			knownRegions = (
				en,
				Base,
			);
			mainGroup = F19DBF0B24A5A1E800DC83E7;
			productRefGroup = F19DBF1524A5A1E800DC83E7 /* Products */;
			projectDirPath = "";
			projectRoot = "";
			targets = (
				F19DBF1324A5A1E800DC83E7 /* CustomNetWorking */,
			);
		};
/* End PBXProject section */

/* Begin PBXResourcesBuildPhase section */
		F19DBF1224A5A1E800DC83E7 /* Resources */ = {
			isa = PBXResourcesBuildPhase;
			buildActionMask = 2147483647;
			files = (
				F19DBF2724A5A1E900DC83E7 /* LaunchScreen.storyboard in Resources */,
				F19DBF2424A5A1E900DC83E7 /* Assets.xcassets in Resources */,
				F19DBF2224A5A1E800DC83E7 /* Main.storyboard in Resources */,
			);
			runOnlyForDeploymentPostprocessing = 0;
		};
/* End PBXResourcesBuildPhase section */

/* Begin PBXShellScriptBuildPhase section */
		08FE93FE7E1C98BADEE153D8 /* [CP] Check Pods Manifest.lock */ = {
			isa = PBXShellScriptBuildPhase;
			buildActionMask = 2147483647;
			files = (
			);
			inputFileListPaths = (
			);
			inputPaths = (
				"${PODS_PODFILE_DIR_PATH}/Podfile.lock",
				"${PODS_ROOT}/Manifest.lock",
			);
			name = "[CP] Check Pods Manifest.lock";
			outputFileListPaths = (
			);
			outputPaths = (
				"$(DERIVED_FILE_DIR)/Pods-CustomNetWorking-checkManifestLockResult.txt",
			);
			runOnlyForDeploymentPostprocessing = 0;
			shellPath = /bin/sh;
			shellScript = "diff \"${PODS_PODFILE_DIR_PATH}/Podfile.lock\" \"${PODS_ROOT}/Manifest.lock\" > /dev/null\nif [ $? != 0 ] ; then\n    # print error to STDERR\n    echo \"error: The sandbox is not in sync with the Podfile.lock. Run 'pod install' or update your CocoaPods installation.\" >&2\n    exit 1\nfi\n# This output is used by Xcode 'outputs' to avoid re-running this script phase.\necho \"SUCCESS\" > \"${SCRIPT_OUTPUT_FILE_0}\"\n";
			showEnvVarsInLog = 0;
		};
/* End PBXShellScriptBuildPhase section */

/* Begin PBXSourcesBuildPhase section */
		F19DBF1024A5A1E800DC83E7 /* Sources */ = {
			isa = PBXSourcesBuildPhase;
			buildActionMask = 2147483647;
			files = (
				045F531824C97347005F29ED /* NSDictionary+LXY.m in Sources */,
				045F531724C97347005F29ED /* NSArray+LXY.m in Sources */,
				F19DBF3324A5A5C700DC83E7 /* CustomNetWorkCache.m in Sources */,
				F156D4B524A70602009AF8B6 /* NetURLManager.m in Sources */,
				F19DBF4224A5A75300DC83E7 /* CustomNetWork.m in Sources */,
				F156D4CE24A70E39009AF8B6 /* NetRequestConfig.m in Sources */,
				F19DBF3F24A5A73B00DC83E7 /* CustomNetWorkManager.m in Sources */,
				F19DBF3624A5A67B00DC83E7 /* CustomNetWorkResponseObject.m in Sources */,
				F19DBF1F24A5A1E800DC83E7 /* ViewController.m in Sources */,
				F19DBF1924A5A1E800DC83E7 /* AppDelegate.m in Sources */,
				F156D4C524A709B5009AF8B6 /* NSObject+SwizzleMethod.m in Sources */,
				F19DBF3924A5A6BF00DC83E7 /* CustomNetWorkRequestLog.m in Sources */,
				F156D4CB24A70DCA009AF8B6 /* CustomNetWorkConfig.m in Sources */,
				F156D4C824A70C67009AF8B6 /* NSError+CustomNetWorkExt.m in Sources */,
				F156D4BE24A706A2009AF8B6 /* CustomNetWorkRequestLog+LogDecode.m in Sources */,
				F19DBF2A24A5A1E900DC83E7 /* main.m in Sources */,
				F156D4BB24A7067A009AF8B6 /* CustomNetWorkResponseObject+RespDecode.m in Sources */,
			);
			runOnlyForDeploymentPostprocessing = 0;
		};
/* End PBXSourcesBuildPhase section */

/* Begin PBXVariantGroup section */
		F19DBF2024A5A1E800DC83E7 /* Main.storyboard */ = {
			isa = PBXVariantGroup;
			children = (
				F19DBF2124A5A1E800DC83E7 /* Base */,
			);
			name = Main.storyboard;
			sourceTree = "<group>";
		};
		F19DBF2524A5A1E900DC83E7 /* LaunchScreen.storyboard */ = {
			isa = PBXVariantGroup;
			children = (
				F19DBF2624A5A1E900DC83E7 /* Base */,
			);
			name = LaunchScreen.storyboard;
			sourceTree = "<group>";
		};
/* End PBXVariantGroup section */

/* Begin XCBuildConfiguration section */
		F19DBF2B24A5A1E900DC83E7 /* Debug */ = {
			isa = XCBuildConfiguration;
			buildSettings = {
				ALWAYS_SEARCH_USER_PATHS = NO;
				CLANG_ANALYZER_NONNULL = YES;
				CLANG_ANALYZER_NUMBER_OBJECT_CONVERSION = YES_AGGRESSIVE;
				CLANG_CXX_LANGUAGE_STANDARD = "gnu++14";
				CLANG_CXX_LIBRARY = "libc++";
				CLANG_ENABLE_MODULES = YES;
				CLANG_ENABLE_OBJC_ARC = YES;
				CLANG_ENABLE_OBJC_WEAK = YES;
				CLANG_WARN_BLOCK_CAPTURE_AUTORELEASING = YES;
				CLANG_WARN_BOOL_CONVERSION = YES;
				CLANG_WARN_COMMA = YES;
				CLANG_WARN_CONSTANT_CONVERSION = YES;
				CLANG_WARN_DEPRECATED_OBJC_IMPLEMENTATIONS = YES;
				CLANG_WARN_DIRECT_OBJC_ISA_USAGE = YES_ERROR;
				CLANG_WARN_DOCUMENTATION_COMMENTS = YES;
				CLANG_WARN_EMPTY_BODY = YES;
				CLANG_WARN_ENUM_CONVERSION = YES;
				CLANG_WARN_INFINITE_RECURSION = YES;
				CLANG_WARN_INT_CONVERSION = YES;
				CLANG_WARN_NON_LITERAL_NULL_CONVERSION = YES;
				CLANG_WARN_OBJC_IMPLICIT_RETAIN_SELF = YES;
				CLANG_WARN_OBJC_LITERAL_CONVERSION = YES;
				CLANG_WARN_OBJC_ROOT_CLASS = YES_ERROR;
				CLANG_WARN_RANGE_LOOP_ANALYSIS = YES;
				CLANG_WARN_STRICT_PROTOTYPES = YES;
				CLANG_WARN_SUSPICIOUS_MOVE = YES;
				CLANG_WARN_UNGUARDED_AVAILABILITY = YES_AGGRESSIVE;
				CLANG_WARN_UNREACHABLE_CODE = YES;
				CLANG_WARN__DUPLICATE_METHOD_MATCH = YES;
				COPY_PHASE_STRIP = NO;
				DEBUG_INFORMATION_FORMAT = dwarf;
				ENABLE_STRICT_OBJC_MSGSEND = YES;
				ENABLE_TESTABILITY = YES;
				GCC_C_LANGUAGE_STANDARD = gnu11;
				GCC_DYNAMIC_NO_PIC = NO;
				GCC_NO_COMMON_BLOCKS = YES;
				GCC_OPTIMIZATION_LEVEL = 0;
				GCC_PREPROCESSOR_DEFINITIONS = (
					"DEBUG=1",
					"$(inherited)",
				);
				GCC_WARN_64_TO_32_BIT_CONVERSION = YES;
				GCC_WARN_ABOUT_RETURN_TYPE = YES_ERROR;
				GCC_WARN_UNDECLARED_SELECTOR = YES;
				GCC_WARN_UNINITIALIZED_AUTOS = YES_AGGRESSIVE;
				GCC_WARN_UNUSED_FUNCTION = YES;
				GCC_WARN_UNUSED_VARIABLE = YES;
				IPHONEOS_DEPLOYMENT_TARGET = 13.5;
				MTL_ENABLE_DEBUG_INFO = INCLUDE_SOURCE;
				MTL_FAST_MATH = YES;
				ONLY_ACTIVE_ARCH = YES;
				SDKROOT = iphoneos;
			};
			name = Debug;
		};
		F19DBF2C24A5A1E900DC83E7 /* Release */ = {
			isa = XCBuildConfiguration;
			buildSettings = {
				ALWAYS_SEARCH_USER_PATHS = NO;
				CLANG_ANALYZER_NONNULL = YES;
				CLANG_ANALYZER_NUMBER_OBJECT_CONVERSION = YES_AGGRESSIVE;
				CLANG_CXX_LANGUAGE_STANDARD = "gnu++14";
				CLANG_CXX_LIBRARY = "libc++";
				CLANG_ENABLE_MODULES = YES;
				CLANG_ENABLE_OBJC_ARC = YES;
				CLANG_ENABLE_OBJC_WEAK = YES;
				CLANG_WARN_BLOCK_CAPTURE_AUTORELEASING = YES;
				CLANG_WARN_BOOL_CONVERSION = YES;
				CLANG_WARN_COMMA = YES;
				CLANG_WARN_CONSTANT_CONVERSION = YES;
				CLANG_WARN_DEPRECATED_OBJC_IMPLEMENTATIONS = YES;
				CLANG_WARN_DIRECT_OBJC_ISA_USAGE = YES_ERROR;
				CLANG_WARN_DOCUMENTATION_COMMENTS = YES;
				CLANG_WARN_EMPTY_BODY = YES;
				CLANG_WARN_ENUM_CONVERSION = YES;
				CLANG_WARN_INFINITE_RECURSION = YES;
				CLANG_WARN_INT_CONVERSION = YES;
				CLANG_WARN_NON_LITERAL_NULL_CONVERSION = YES;
				CLANG_WARN_OBJC_IMPLICIT_RETAIN_SELF = YES;
				CLANG_WARN_OBJC_LITERAL_CONVERSION = YES;
				CLANG_WARN_OBJC_ROOT_CLASS = YES_ERROR;
				CLANG_WARN_RANGE_LOOP_ANALYSIS = YES;
				CLANG_WARN_STRICT_PROTOTYPES = YES;
				CLANG_WARN_SUSPICIOUS_MOVE = YES;
				CLANG_WARN_UNGUARDED_AVAILABILITY = YES_AGGRESSIVE;
				CLANG_WARN_UNREACHABLE_CODE = YES;
				CLANG_WARN__DUPLICATE_METHOD_MATCH = YES;
				COPY_PHASE_STRIP = NO;
				DEBUG_INFORMATION_FORMAT = "dwarf-with-dsym";
				ENABLE_NS_ASSERTIONS = NO;
				ENABLE_STRICT_OBJC_MSGSEND = YES;
				GCC_C_LANGUAGE_STANDARD = gnu11;
				GCC_NO_COMMON_BLOCKS = YES;
				GCC_WARN_64_TO_32_BIT_CONVERSION = YES;
				GCC_WARN_ABOUT_RETURN_TYPE = YES_ERROR;
				GCC_WARN_UNDECLARED_SELECTOR = YES;
				GCC_WARN_UNINITIALIZED_AUTOS = YES_AGGRESSIVE;
				GCC_WARN_UNUSED_FUNCTION = YES;
				GCC_WARN_UNUSED_VARIABLE = YES;
				IPHONEOS_DEPLOYMENT_TARGET = 13.5;
				MTL_ENABLE_DEBUG_INFO = NO;
				MTL_FAST_MATH = YES;
				SDKROOT = iphoneos;
				VALIDATE_PRODUCT = YES;
			};
			name = Release;
		};
		F19DBF2E24A5A1E900DC83E7 /* Debug */ = {
			isa = XCBuildConfiguration;
			baseConfigurationReference = E2BDC704221217BB774E53B2 /* Pods-CustomNetWorking.debug.xcconfig */;
			buildSettings = {
				ASSETCATALOG_COMPILER_APPICON_NAME = AppIcon;
				CODE_SIGN_STYLE = Automatic;
				DEVELOPMENT_TEAM = XZS45G9JJF;
				GCC_PRECOMPILE_PREFIX_HEADER = YES;
				GCC_PREFIX_HEADER = "$(SRCROOT)/CustomNetWorking/PrefixHeader.pch";
				INFOPLIST_FILE = CustomNetWorking/Info.plist;
				IPHONEOS_DEPLOYMENT_TARGET = 9.0;
				LD_RUNPATH_SEARCH_PATHS = (
					"$(inherited)",
					"@executable_path/Frameworks",
				);
				PRODUCT_BUNDLE_IDENTIFIER = Singularity.CustomNetWorking;
				PRODUCT_NAME = "$(TARGET_NAME)";
				TARGETED_DEVICE_FAMILY = "1,2";
			};
			name = Debug;
		};
		F19DBF2F24A5A1E900DC83E7 /* Release */ = {
			isa = XCBuildConfiguration;
			baseConfigurationReference = BCDBDF485D03CD45A3F610F0 /* Pods-CustomNetWorking.release.xcconfig */;
			buildSettings = {
				ASSETCATALOG_COMPILER_APPICON_NAME = AppIcon;
				CODE_SIGN_STYLE = Automatic;
				DEVELOPMENT_TEAM = XZS45G9JJF;
				GCC_PRECOMPILE_PREFIX_HEADER = YES;
				GCC_PREFIX_HEADER = "$(SRCROOT)/CustomNetWorking/PrefixHeader.pch";
				INFOPLIST_FILE = CustomNetWorking/Info.plist;
				IPHONEOS_DEPLOYMENT_TARGET = 9.0;
				LD_RUNPATH_SEARCH_PATHS = (
					"$(inherited)",
					"@executable_path/Frameworks",
				);
				PRODUCT_BUNDLE_IDENTIFIER = Singularity.CustomNetWorking;
				PRODUCT_NAME = "$(TARGET_NAME)";
				TARGETED_DEVICE_FAMILY = "1,2";
			};
			name = Release;
		};
/* End XCBuildConfiguration section */

/* Begin XCConfigurationList section */
		F19DBF0F24A5A1E800DC83E7 /* Build configuration list for PBXProject "CustomNetWorking" */ = {
			isa = XCConfigurationList;
			buildConfigurations = (
				F19DBF2B24A5A1E900DC83E7 /* Debug */,
				F19DBF2C24A5A1E900DC83E7 /* Release */,
			);
			defaultConfigurationIsVisible = 0;
			defaultConfigurationName = Release;
		};
		F19DBF2D24A5A1E900DC83E7 /* Build configuration list for PBXNativeTarget "CustomNetWorking" */ = {
			isa = XCConfigurationList;
			buildConfigurations = (
				F19DBF2E24A5A1E900DC83E7 /* Debug */,
				F19DBF2F24A5A1E900DC83E7 /* Release */,
			);
			defaultConfigurationIsVisible = 0;
			defaultConfigurationName = Release;
		};
/* End XCConfigurationList section */
	};
	rootObject = F19DBF0C24A5A1E800DC83E7 /* Project object */;
}
